
Microsoft Visual Studio Solution File, Format Version 12.00
# Visual Studio Version 17
VisualStudioVersion = 17.6.33723.286
MinimumVisualStudioVersion = 10.0.40219.1
Project("{FAE04EC0-301F-11D3-BF4B-00C04F79EFBC}") = "Slipstream", "Slipstream.csproj", "{A8884794-DD4A-447C-AB85-B0A6F20AA39A}"
EndProject
Global
	GlobalSection(SolutionConfigurationPlatforms) = preSolution
		Debug|Any CPU = Debug|Any CPU
		Release|Any CPU = Release|Any CPU
	EndGlobalSection
	GlobalSection(ProjectConfigurationPlatforms) = postSolution
		{A8884794-DD4A-447C-AB85-B0A6F20AA39A}.Debug|Any CPU.ActiveCfg = Debug|Any CPU
		{A8884794-DD4A-447C-AB85-B0A6F20AA39A}.Debug|Any CPU.Build.0 = Debug|Any CPU
		{A8884794-DD4A-447C-AB85-B0A6F20AA39A}.Release|Any CPU.ActiveCfg = Release|Any CPU
		{A8884794-DD4A-447C-AB85-B0A6F20AA39A}.Release|Any CPU.Build.0 = Release|Any CPU
	EndGlobalSection
	GlobalSection(SolutionProperties) = preSolution
		HideSolutionNode = FALSE
	EndGlobalSection
	GlobalSection(ExtensibilityGlobals) = postSolution
		SolutionGuid = {D5195EC7-55AF-4007-B9FA-5160049033DD}
	EndGlobalSection
EndGlobal
